// !$*UTF8*$!
{
	archiveVersion = 1;
	classes = {
	};
	objectVersion = 50;
	objects = {

/* Begin PBXBuildFile section */
		256BD4EB25B79CAE00EC6F1B /* AppDelegate.swift in Sources */ = {isa = PBXBuildFile; fileRef = 256BD4EA25B79CAE00EC6F1B /* AppDelegate.swift */; };
		256BD4ED25B79CAE00EC6F1B /* SceneDelegate.swift in Sources */ = {isa = PBXBuildFile; fileRef = 256BD4EC25B79CAE00EC6F1B /* SceneDelegate.swift */; };
		256BD4EF25B79CAE00EC6F1B /* ViewController.swift in Sources */ = {isa = PBXBuildFile; fileRef = 256BD4EE25B79CAE00EC6F1B /* ViewController.swift */; };
		256BD4F225B79CAE00EC6F1B /* Main.storyboard in Resources */ = {isa = PBXBuildFile; fileRef = 256BD4F025B79CAE00EC6F1B /* Main.storyboard */; };
		256BD4F425B79CB200EC6F1B /* Assets.xcassets in Resources */ = {isa = PBXBuildFile; fileRef = 256BD4F325B79CB200EC6F1B /* Assets.xcassets */; };
		256BD4F725B79CB200EC6F1B /* LaunchScreen.storyboard in Resources */ = {isa = PBXBuildFile; fileRef = 256BD4F525B79CB200EC6F1B /* LaunchScreen.storyboard */; };
		256BD52D25B79DA600EC6F1B /* MarchaImperial.mp3 in Resources */ = {isa = PBXBuildFile; fileRef = 256BD50625B79D7900EC6F1B /* MarchaImperial.mp3 */; };
		256BD52E25B79DA600EC6F1B /* options.json in Resources */ = {isa = PBXBuildFile; fileRef = 256BD51225B79D7B00EC6F1B /* options.json */; };
		256BD52F25B79DA600EC6F1B /* quizes.json in Resources */ = {isa = PBXBuildFile; fileRef = 256BD50225B79D7800EC6F1B /* quizes.json */; };
		256BD53025B79DA600EC6F1B /* quote1.mp3 in Resources */ = {isa = PBXBuildFile; fileRef = 256BD50125B79D7800EC6F1B /* quote1.mp3 */; };
		256BD53125B79DA600EC6F1B /* quote2.mp3 in Resources */ = {isa = PBXBuildFile; fileRef = 256BD50525B79D7800EC6F1B /* quote2.mp3 */; };
		256BD53225B79DA600EC6F1B /* quote3.mp3 in Resources */ = {isa = PBXBuildFile; fileRef = 256BD50425B79D7800EC6F1B /* quote3.mp3 */; };
		256BD53325B79DA600EC6F1B /* quote4.mp3 in Resources */ = {isa = PBXBuildFile; fileRef = 256BD50B25B79D7A00EC6F1B /* quote4.mp3 */; };
		256BD53425B79DA600EC6F1B /* quote5.mp3 in Resources */ = {isa = PBXBuildFile; fileRef = 256BD51025B79D7B00EC6F1B /* quote5.mp3 */; };
		256BD53525B79DA600EC6F1B /* quote6.mp3 in Resources */ = {isa = PBXBuildFile; fileRef = 256BD50D25B79D7A00EC6F1B /* quote6.mp3 */; };
		256BD53625B79DA600EC6F1B /* quote7.mp3 in Resources */ = {isa = PBXBuildFile; fileRef = 256BD50F25B79D7A00EC6F1B /* quote7.mp3 */; };
		256BD53725B79DA600EC6F1B /* quote8.mp3 in Resources */ = {isa = PBXBuildFile; fileRef = 256BD50025B79D7700EC6F1B /* quote8.mp3 */; };
		256BD53825B79DA600EC6F1B /* quote9.mp3 in Resources */ = {isa = PBXBuildFile; fileRef = 256BD51125B79D7B00EC6F1B /* quote9.mp3 */; };
		256BD53925B79DA600EC6F1B /* quote10.mp3 in Resources */ = {isa = PBXBuildFile; fileRef = 256BD50325B79D7800EC6F1B /* quote10.mp3 */; };
		256BD53A25B79DA600EC6F1B /* quote11.mp3 in Resources */ = {isa = PBXBuildFile; fileRef = 256BD51325B79D7C00EC6F1B /* quote11.mp3 */; };
		256BD53B25B79DA600EC6F1B /* quote12.mp3 in Resources */ = {isa = PBXBuildFile; fileRef = 256BD50825B79D7900EC6F1B /* quote12.mp3 */; };
		256BD53C25B79DA600EC6F1B /* quote13.mp3 in Resources */ = {isa = PBXBuildFile; fileRef = 256BD50725B79D7900EC6F1B /* quote13.mp3 */; };
		256BD53D25B79DA600EC6F1B /* quote14.mp3 in Resources */ = {isa = PBXBuildFile; fileRef = 256BD51425B79D7C00EC6F1B /* quote14.mp3 */; };
		256BD53E25B79DA600EC6F1B /* quote15.mp3 in Resources */ = {isa = PBXBuildFile; fileRef = 256BD4FE25B79D7700EC6F1B /* quote15.mp3 */; };
		256BD53F25B79DA600EC6F1B /* quote16.mp3 in Resources */ = {isa = PBXBuildFile; fileRef = 256BD50E25B79D7A00EC6F1B /* quote16.mp3 */; };
		256BD54025B79DA600EC6F1B /* quote17.mp3 in Resources */ = {isa = PBXBuildFile; fileRef = 256BD50C25B79D7A00EC6F1B /* quote17.mp3 */; };
		256BD54125B79DA600EC6F1B /* quote18.mp3 in Resources */ = {isa = PBXBuildFile; fileRef = 256BD50925B79D7900EC6F1B /* quote18.mp3 */; };
		256BD54225B79DA600EC6F1B /* quote19.mp3 in Resources */ = {isa = PBXBuildFile; fileRef = 256BD4FF25B79D7700EC6F1B /* quote19.mp3 */; };
		256BD54325B79DA600EC6F1B /* quote20.mp3 in Resources */ = {isa = PBXBuildFile; fileRef = 256BD50A25B79D7A00EC6F1B /* quote20.mp3 */; };
		25EE821E25B8E61C0089904E /* GameOverViewController.swift in Sources */ = {isa = PBXBuildFile; fileRef = 25EE821D25B8E61C0089904E /* GameOverViewController.swift */; };
/* End PBXBuildFile section */

/* Begin PBXFileReference section */
		256BD4E725B79CAE00EC6F1B /* MovieQuiz.app */ = {isa = PBXFileReference; explicitFileType = wrapper.application; includeInIndex = 0; path = MovieQuiz.app; sourceTree = BUILT_PRODUCTS_DIR; };
		256BD4EA25B79CAE00EC6F1B /* AppDelegate.swift */ = {isa = PBXFileReference; lastKnownFileType = sourcecode.swift; path = AppDelegate.swift; sourceTree = "<group>"; };
		256BD4EC25B79CAE00EC6F1B /* SceneDelegate.swift */ = {isa = PBXFileReference; lastKnownFileType = sourcecode.swift; path = SceneDelegate.swift; sourceTree = "<group>"; };
		256BD4EE25B79CAE00EC6F1B /* ViewController.swift */ = {isa = PBXFileReference; lastKnownFileType = sourcecode.swift; path = ViewController.swift; sourceTree = "<group>"; };
		256BD4F125B79CAE00EC6F1B /* Base */ = {isa = PBXFileReference; lastKnownFileType = file.storyboard; name = Base; path = Base.lproj/Main.storyboard; sourceTree = "<group>"; };
		256BD4F325B79CB200EC6F1B /* Assets.xcassets */ = {isa = PBXFileReference; lastKnownFileType = folder.assetcatalog; path = Assets.xcassets; sourceTree = "<group>"; };
		256BD4F625B79CB200EC6F1B /* Base */ = {isa = PBXFileReference; lastKnownFileType = file.storyboard; name = Base; path = Base.lproj/LaunchScreen.storyboard; sourceTree = "<group>"; };
		256BD4F825B79CB200EC6F1B /* Info.plist */ = {isa = PBXFileReference; lastKnownFileType = text.plist.xml; path = Info.plist; sourceTree = "<group>"; };
		256BD4FE25B79D7700EC6F1B /* quote15.mp3 */ = {isa = PBXFileReference; lastKnownFileType = audio.mp3; path = quote15.mp3; sourceTree = "<group>"; };
		256BD4FF25B79D7700EC6F1B /* quote19.mp3 */ = {isa = PBXFileReference; lastKnownFileType = audio.mp3; path = quote19.mp3; sourceTree = "<group>"; };
		256BD50025B79D7700EC6F1B /* quote8.mp3 */ = {isa = PBXFileReference; lastKnownFileType = audio.mp3; path = quote8.mp3; sourceTree = "<group>"; };
		256BD50125B79D7800EC6F1B /* quote1.mp3 */ = {isa = PBXFileReference; lastKnownFileType = audio.mp3; path = quote1.mp3; sourceTree = "<group>"; };
		256BD50225B79D7800EC6F1B /* quizes.json */ = {isa = PBXFileReference; fileEncoding = 4; lastKnownFileType = text.json; path = quizes.json; sourceTree = "<group>"; };
		256BD50325B79D7800EC6F1B /* quote10.mp3 */ = {isa = PBXFileReference; lastKnownFileType = audio.mp3; path = quote10.mp3; sourceTree = "<group>"; };
		256BD50425B79D7800EC6F1B /* quote3.mp3 */ = {isa = PBXFileReference; lastKnownFileType = audio.mp3; path = quote3.mp3; sourceTree = "<group>"; };
		256BD50525B79D7800EC6F1B /* quote2.mp3 */ = {isa = PBXFileReference; lastKnownFileType = audio.mp3; path = quote2.mp3; sourceTree = "<group>"; };
		256BD50625B79D7900EC6F1B /* MarchaImperial.mp3 */ = {isa = PBXFileReference; lastKnownFileType = audio.mp3; path = MarchaImperial.mp3; sourceTree = "<group>"; };
		256BD50725B79D7900EC6F1B /* quote13.mp3 */ = {isa = PBXFileReference; lastKnownFileType = audio.mp3; path = quote13.mp3; sourceTree = "<group>"; };
		256BD50825B79D7900EC6F1B /* quote12.mp3 */ = {isa = PBXFileReference; lastKnownFileType = audio.mp3; path = quote12.mp3; sourceTree = "<group>"; };
		256BD50925B79D7900EC6F1B /* quote18.mp3 */ = {isa = PBXFileReference; lastKnownFileType = audio.mp3; path = quote18.mp3; sourceTree = "<group>"; };
		256BD50A25B79D7A00EC6F1B /* quote20.mp3 */ = {isa = PBXFileReference; lastKnownFileType = audio.mp3; path = quote20.mp3; sourceTree = "<group>"; };
		256BD50B25B79D7A00EC6F1B /* quote4.mp3 */ = {isa = PBXFileReference; lastKnownFileType = audio.mp3; path = quote4.mp3; sourceTree = "<group>"; };
		256BD50C25B79D7A00EC6F1B /* quote17.mp3 */ = {isa = PBXFileReference; lastKnownFileType = audio.mp3; path = quote17.mp3; sourceTree = "<group>"; };
		256BD50D25B79D7A00EC6F1B /* quote6.mp3 */ = {isa = PBXFileReference; lastKnownFileType = audio.mp3; path = quote6.mp3; sourceTree = "<group>"; };
		256BD50E25B79D7A00EC6F1B /* quote16.mp3 */ = {isa = PBXFileReference; lastKnownFileType = audio.mp3; path = quote16.mp3; sourceTree = "<group>"; };
		256BD50F25B79D7A00EC6F1B /* quote7.mp3 */ = {isa = PBXFileReference; lastKnownFileType = audio.mp3; path = quote7.mp3; sourceTree = "<group>"; };
		256BD51025B79D7B00EC6F1B /* quote5.mp3 */ = {isa = PBXFileReference; lastKnownFileType = audio.mp3; path = quote5.mp3; sourceTree = "<group>"; };
		256BD51125B79D7B00EC6F1B /* quote9.mp3 */ = {isa = PBXFileReference; lastKnownFileType = audio.mp3; path = quote9.mp3; sourceTree = "<group>"; };
		256BD51225B79D7B00EC6F1B /* options.json */ = {isa = PBXFileReference; fileEncoding = 4; lastKnownFileType = text.json; path = options.json; sourceTree = "<group>"; };
		256BD51325B79D7C00EC6F1B /* quote11.mp3 */ = {isa = PBXFileReference; lastKnownFileType = audio.mp3; path = quote11.mp3; sourceTree = "<group>"; };
		256BD51425B79D7C00EC6F1B /* quote14.mp3 */ = {isa = PBXFileReference; lastKnownFileType = audio.mp3; path = quote14.mp3; sourceTree = "<group>"; };
		25EE821D25B8E61C0089904E /* GameOverViewController.swift */ = {isa = PBXFileReference; lastKnownFileType = sourcecode.swift; path = GameOverViewController.swift; sourceTree = "<group>"; };
/* End PBXFileReference section */

/* Begin PBXFrameworksBuildPhase section */
		256BD4E425B79CAE00EC6F1B /* Frameworks */ = {
			isa = PBXFrameworksBuildPhase;
			buildActionMask = 2147483647;
			files = (
			);
			runOnlyForDeploymentPostprocessing = 0;
		};
/* End PBXFrameworksBuildPhase section */

/* Begin PBXGroup section */
		256BD4DE25B79CAE00EC6F1B = {
			isa = PBXGroup;
			children = (
				256BD4E925B79CAE00EC6F1B /* MovieQuiz */,
				256BD4E825B79CAE00EC6F1B /* Products */,
			);
			sourceTree = "<group>";
		};
		256BD4E825B79CAE00EC6F1B /* Products */ = {
			isa = PBXGroup;
			children = (
				256BD4E725B79CAE00EC6F1B /* MovieQuiz.app */,
			);
			name = Products;
			sourceTree = "<group>";
		};
		256BD4E925B79CAE00EC6F1B /* MovieQuiz */ = {
			isa = PBXGroup;
			children = (
				256BD52C25B79D8700EC6F1B /* Files */,
				256BD4EA25B79CAE00EC6F1B /* AppDelegate.swift */,
				256BD4EC25B79CAE00EC6F1B /* SceneDelegate.swift */,
				256BD4EE25B79CAE00EC6F1B /* ViewController.swift */,
				25EE821D25B8E61C0089904E /* GameOverViewController.swift */,
				256BD4F025B79CAE00EC6F1B /* Main.storyboard */,
				256BD4F325B79CB200EC6F1B /* Assets.xcassets */,
				256BD4F525B79CB200EC6F1B /* LaunchScreen.storyboard */,
				256BD4F825B79CB200EC6F1B /* Info.plist */,
			);
			path = MovieQuiz;
			sourceTree = "<group>";
		};
		256BD52C25B79D8700EC6F1B /* Files */ = {
			isa = PBXGroup;
			children = (
				256BD50625B79D7900EC6F1B /* MarchaImperial.mp3 */,
				256BD51225B79D7B00EC6F1B /* options.json */,
				256BD50225B79D7800EC6F1B /* quizes.json */,
				256BD50125B79D7800EC6F1B /* quote1.mp3 */,
				256BD50525B79D7800EC6F1B /* quote2.mp3 */,
				256BD50425B79D7800EC6F1B /* quote3.mp3 */,
				256BD50B25B79D7A00EC6F1B /* quote4.mp3 */,
				256BD51025B79D7B00EC6F1B /* quote5.mp3 */,
				256BD50D25B79D7A00EC6F1B /* quote6.mp3 */,
				256BD50F25B79D7A00EC6F1B /* quote7.mp3 */,
				256BD50025B79D7700EC6F1B /* quote8.mp3 */,
				256BD51125B79D7B00EC6F1B /* quote9.mp3 */,
				256BD50325B79D7800EC6F1B /* quote10.mp3 */,
				256BD51325B79D7C00EC6F1B /* quote11.mp3 */,
				256BD50825B79D7900EC6F1B /* quote12.mp3 */,
				256BD50725B79D7900EC6F1B /* quote13.mp3 */,
				256BD51425B79D7C00EC6F1B /* quote14.mp3 */,
				256BD4FE25B79D7700EC6F1B /* quote15.mp3 */,
				256BD50E25B79D7A00EC6F1B /* quote16.mp3 */,
				256BD50C25B79D7A00EC6F1B /* quote17.mp3 */,
				256BD50925B79D7900EC6F1B /* quote18.mp3 */,
				256BD4FF25B79D7700EC6F1B /* quote19.mp3 */,
				256BD50A25B79D7A00EC6F1B /* quote20.mp3 */,
			);
			path = Files;
			sourceTree = "<group>";
		};
/* End PBXGroup section */

/* Begin PBXNativeTarget section */
		256BD4E625B79CAE00EC6F1B /* MovieQuiz */ = {
			isa = PBXNativeTarget;
			buildConfigurationList = 256BD4FB25B79CB200EC6F1B /* Build configuration list for PBXNativeTarget "MovieQuiz" */;
			buildPhases = (
				256BD4E325B79CAE00EC6F1B /* Sources */,
				256BD4E425B79CAE00EC6F1B /* Frameworks */,
				256BD4E525B79CAE00EC6F1B /* Resources */,
			);
			buildRules = (
			);
			dependencies = (
			);
			name = MovieQuiz;
			productName = MovieQuiz;
			productReference = 256BD4E725B79CAE00EC6F1B /* MovieQuiz.app */;
			productType = "com.apple.product-type.application";
		};
/* End PBXNativeTarget section */

/* Begin PBXProject section */
		256BD4DF25B79CAE00EC6F1B /* Project object */ = {
			isa = PBXProject;
			attributes = {
				LastSwiftUpdateCheck = 1150;
				LastUpgradeCheck = 1150;
				ORGANIZATIONNAME = "Clara Nascimento";
				TargetAttributes = {
					256BD4E625B79CAE00EC6F1B = {
						CreatedOnToolsVersion = 11.5;
					};
				};
			};
			buildConfigurationList = 256BD4E225B79CAE00EC6F1B /* Build configuration list for PBXProject "MovieQuiz" */;
			compatibilityVersion = "Xcode 9.3";
			developmentRegion = en;
			hasScannedForEncodings = 0;
			knownRegions = (
				en,
				Base,
			);
			mainGroup = 256BD4DE25B79CAE00EC6F1B;
			productRefGroup = 256BD4E825B79CAE00EC6F1B /* Products */;
			projectDirPath = "";
			projectRoot = "";
			targets = (
				256BD4E625B79CAE00EC6F1B /* MovieQuiz */,
			);
		};
/* End PBXProject section */

/* Begin PBXResourcesBuildPhase section */
		256BD4E525B79CAE00EC6F1B /* Resources */ = {
			isa = PBXResourcesBuildPhase;
			buildActionMask = 2147483647;
			files = (
				256BD53125B79DA600EC6F1B /* quote2.mp3 in Resources */,
				256BD54025B79DA600EC6F1B /* quote17.mp3 in Resources */,
				256BD4F725B79CB200EC6F1B /* LaunchScreen.storyboard in Resources */,
				256BD54325B79DA600EC6F1B /* quote20.mp3 in Resources */,
				256BD54225B79DA600EC6F1B /* quote19.mp3 in Resources */,
				256BD53C25B79DA600EC6F1B /* quote13.mp3 in Resources */,
				256BD53B25B79DA600EC6F1B /* quote12.mp3 in Resources */,
				256BD53725B79DA600EC6F1B /* quote8.mp3 in Resources */,
				256BD53325B79DA600EC6F1B /* quote4.mp3 in Resources */,
				256BD4F425B79CB200EC6F1B /* Assets.xcassets in Resources */,
				256BD54125B79DA600EC6F1B /* quote18.mp3 in Resources */,
				256BD53A25B79DA600EC6F1B /* quote11.mp3 in Resources */,
				256BD53F25B79DA600EC6F1B /* quote16.mp3 in Resources */,
				256BD53E25B79DA600EC6F1B /* quote15.mp3 in Resources */,
				256BD53D25B79DA600EC6F1B /* quote14.mp3 in Resources */,
				256BD53525B79DA600EC6F1B /* quote6.mp3 in Resources */,
				256BD53025B79DA600EC6F1B /* quote1.mp3 in Resources */,
				256BD53825B79DA600EC6F1B /* quote9.mp3 in Resources */,
				256BD53925B79DA600EC6F1B /* quote10.mp3 in Resources */,
				256BD52F25B79DA600EC6F1B /* quizes.json in Resources */,
				256BD53425B79DA600EC6F1B /* quote5.mp3 in Resources */,
				256BD4F225B79CAE00EC6F1B /* Main.storyboard in Resources */,
				256BD52E25B79DA600EC6F1B /* options.json in Resources */,
				256BD53625B79DA600EC6F1B /* quote7.mp3 in Resources */,
				256BD53225B79DA600EC6F1B /* quote3.mp3 in Resources */,
				256BD52D25B79DA600EC6F1B /* MarchaImperial.mp3 in Resources */,
			);
			runOnlyForDeploymentPostprocessing = 0;
		};
/* End PBXResourcesBuildPhase section */

/* Begin PBXSourcesBuildPhase section */
		256BD4E325B79CAE00EC6F1B /* Sources */ = {
			isa = PBXSourcesBuildPhase;
			buildActionMask = 2147483647;
			files = (
				25EE821E25B8E61C0089904E /* GameOverViewController.swift in Sources */,
				256BD4EF25B79CAE00EC6F1B /* ViewController.swift in Sources */,
				256BD4EB25B79CAE00EC6F1B /* AppDelegate.swift in Sources */,
				256BD4ED25B79CAE00EC6F1B /* SceneDelegate.swift in Sources */,
			);
			runOnlyForDeploymentPostprocessing = 0;
		};
/* End PBXSourcesBuildPhase section */

/* Begin PBXVariantGroup section */
		256BD4F025B79CAE00EC6F1B /* Main.storyboard */ = {
			isa = PBXVariantGroup;
			children = (
				256BD4F125B79CAE00EC6F1B /* Base */,
			);
			name = Main.storyboard;
			sourceTree = "<group>";
		};
		256BD4F525B79CB200EC6F1B /* LaunchScreen.storyboard */ = {
			isa = PBXVariantGroup;
			children = (
				256BD4F625B79CB200EC6F1B /* Base */,
			);
			name = LaunchScreen.storyboard;
			sourceTree = "<group>";
		};
/* End PBXVariantGroup section */

/* Begin XCBuildConfiguration section */
		256BD4F925B79CB200EC6F1B /* Debug */ = {
			isa = XCBuildConfiguration;
			buildSettings = {
				ALWAYS_SEARCH_USER_PATHS = NO;
				CLANG_ANALYZER_NONNULL = YES;
				CLANG_ANALYZER_NUMBER_OBJECT_CONVERSION = YES_AGGRESSIVE;
				CLANG_CXX_LANGUAGE_STANDARD = "gnu++14";
				CLANG_CXX_LIBRARY = "libc++";
				CLANG_ENABLE_MODULES = YES;
				CLANG_ENABLE_OBJC_ARC = YES;
				CLANG_ENABLE_OBJC_WEAK = YES;
				CLANG_WARN_BLOCK_CAPTURE_AUTORELEASING = YES;
				CLANG_WARN_BOOL_CONVERSION = YES;
				CLANG_WARN_COMMA = YES;
				CLANG_WARN_CONSTANT_CONVERSION = YES;
				CLANG_WARN_DEPRECATED_OBJC_IMPLEMENTATIONS = YES;
				CLANG_WARN_DIRECT_OBJC_ISA_USAGE = YES_ERROR;
				CLANG_WARN_DOCUMENTATION_COMMENTS = YES;
				CLANG_WARN_EMPTY_BODY = YES;
				CLANG_WARN_ENUM_CONVERSION = YES;
				CLANG_WARN_INFINITE_RECURSION = YES;
				CLANG_WARN_INT_CONVERSION = YES;
				CLANG_WARN_NON_LITERAL_NULL_CONVERSION = YES;
				CLANG_WARN_OBJC_IMPLICIT_RETAIN_SELF = YES;
				CLANG_WARN_OBJC_LITERAL_CONVERSION = YES;
				CLANG_WARN_OBJC_ROOT_CLASS = YES_ERROR;
				CLANG_WARN_RANGE_LOOP_ANALYSIS = YES;
				CLANG_WARN_STRICT_PROTOTYPES = YES;
				CLANG_WARN_SUSPICIOUS_MOVE = YES;
				CLANG_WARN_UNGUARDED_AVAILABILITY = YES_AGGRESSIVE;
				CLANG_WARN_UNREACHABLE_CODE = YES;
				CLANG_WARN__DUPLICATE_METHOD_MATCH = YES;
				COPY_PHASE_STRIP = NO;
				DEBUG_INFORMATION_FORMAT = dwarf;
				ENABLE_STRICT_OBJC_MSGSEND = YES;
				ENABLE_TESTABILITY = YES;
				GCC_C_LANGUAGE_STANDARD = gnu11;
				GCC_DYNAMIC_NO_PIC = NO;
				GCC_NO_COMMON_BLOCKS = YES;
				GCC_OPTIMIZATION_LEVEL = 0;
				GCC_PREPROCESSOR_DEFINITIONS = (
					"DEBUG=1",
					"$(inherited)",
				);
				GCC_WARN_64_TO_32_BIT_CONVERSION = YES;
				GCC_WARN_ABOUT_RETURN_TYPE = YES_ERROR;
				GCC_WARN_UNDECLARED_SELECTOR = YES;
				GCC_WARN_UNINITIALIZED_AUTOS = YES_AGGRESSIVE;
				GCC_WARN_UNUSED_FUNCTION = YES;
				GCC_WARN_UNUSED_VARIABLE = YES;
				IPHONEOS_DEPLOYMENT_TARGET = 13.5;
				MTL_ENABLE_DEBUG_INFO = INCLUDE_SOURCE;
				MTL_FAST_MATH = YES;
				ONLY_ACTIVE_ARCH = YES;
				SDKROOT = iphoneos;
				SWIFT_ACTIVE_COMPILATION_CONDITIONS = DEBUG;
				SWIFT_OPTIMIZATION_LEVEL = "-Onone";
			};
			name = Debug;
		};
		256BD4FA25B79CB200EC6F1B /* Release */ = {
			isa = XCBuildConfiguration;
			buildSettings = {
				ALWAYS_SEARCH_USER_PATHS = NO;
				CLANG_ANALYZER_NONNULL = YES;
				CLANG_ANALYZER_NUMBER_OBJECT_CONVERSION = YES_AGGRESSIVE;
				CLANG_CXX_LANGUAGE_STANDARD = "gnu++14";
				CLANG_CXX_LIBRARY = "libc++";
				CLANG_ENABLE_MODULES = YES;
				CLANG_ENABLE_OBJC_ARC = YES;
				CLANG_ENABLE_OBJC_WEAK = YES;
				CLANG_WARN_BLOCK_CAPTURE_AUTORELEASING = YES;
				CLANG_WARN_BOOL_CONVERSION = YES;
				CLANG_WARN_COMMA = YES;
				CLANG_WARN_CONSTANT_CONVERSION = YES;
				CLANG_WARN_DEPRECATED_OBJC_IMPLEMENTATIONS = YES;
				CLANG_WARN_DIRECT_OBJC_ISA_USAGE = YES_ERROR;
				CLANG_WARN_DOCUMENTATION_COMMENTS = YES;
				CLANG_WARN_EMPTY_BODY = YES;
				CLANG_WARN_ENUM_CONVERSION = YES;
				CLANG_WARN_INFINITE_RECURSION = YES;
				CLANG_WARN_INT_CONVERSION = YES;
				CLANG_WARN_NON_LITERAL_NULL_CONVERSION = YES;
				CLANG_WARN_OBJC_IMPLICIT_RETAIN_SELF = YES;
				CLANG_WARN_OBJC_LITERAL_CONVERSION = YES;
				CLANG_WARN_OBJC_ROOT_CLASS = YES_ERROR;
				CLANG_WARN_RANGE_LOOP_ANALYSIS = YES;
				CLANG_WARN_STRICT_PROTOTYPES = YES;
				CLANG_WARN_SUSPICIOUS_MOVE = YES;
				CLANG_WARN_UNGUARDED_AVAILABILITY = YES_AGGRESSIVE;
				CLANG_WARN_UNREACHABLE_CODE = YES;
				CLANG_WARN__DUPLICATE_METHOD_MATCH = YES;
				COPY_PHASE_STRIP = NO;
				DEBUG_INFORMATION_FORMAT = "dwarf-with-dsym";
				ENABLE_NS_ASSERTIONS = NO;
				ENABLE_STRICT_OBJC_MSGSEND = YES;
				GCC_C_LANGUAGE_STANDARD = gnu11;
				GCC_NO_COMMON_BLOCKS = YES;
				GCC_WARN_64_TO_32_BIT_CONVERSION = YES;
				GCC_WARN_ABOUT_RETURN_TYPE = YES_ERROR;
				GCC_WARN_UNDECLARED_SELECTOR = YES;
				GCC_WARN_UNINITIALIZED_AUTOS = YES_AGGRESSIVE;
				GCC_WARN_UNUSED_FUNCTION = YES;
				GCC_WARN_UNUSED_VARIABLE = YES;
				IPHONEOS_DEPLOYMENT_TARGET = 13.5;
				MTL_ENABLE_DEBUG_INFO = NO;
				MTL_FAST_MATH = YES;
				SDKROOT = iphoneos;
				SWIFT_COMPILATION_MODE = wholemodule;
				SWIFT_OPTIMIZATION_LEVEL = "-O";
				VALIDATE_PRODUCT = YES;
			};
			name = Release;
		};
		256BD4FC25B79CB200EC6F1B /* Debug */ = {
			isa = XCBuildConfiguration;
			buildSettings = {
				ASSETCATALOG_COMPILER_APPICON_NAME = AppIcon;
				CODE_SIGN_STYLE = Automatic;
				DEVELOPMENT_TEAM = PJLQJ587N8;
				INFOPLIST_FILE = MovieQuiz/Info.plist;
				LD_RUNPATH_SEARCH_PATHS = (
					"$(inherited)",
					"@executable_path/Frameworks",
				);
				PRODUCT_BUNDLE_IDENTIFIER = com.claranascimento.MovieQuiz;
				PRODUCT_NAME = "$(TARGET_NAME)";
				SWIFT_VERSION = 5.0;
				TARGETED_DEVICE_FAMILY = 1;
			};
			name = Debug;
		};
		256BD4FD25B79CB200EC6F1B /* Release */ = {
			isa = XCBuildConfiguration;
			buildSettings = {
				ASSETCATALOG_COMPILER_APPICON_NAME = AppIcon;
				CODE_SIGN_STYLE = Automatic;
				DEVELOPMENT_TEAM = PJLQJ587N8;
				INFOPLIST_FILE = MovieQuiz/Info.plist;
				LD_RUNPATH_SEARCH_PATHS = (
					"$(inherited)",
					"@executable_path/Frameworks",
				);
				PRODUCT_BUNDLE_IDENTIFIER = com.claranascimento.MovieQuiz;
				PRODUCT_NAME = "$(TARGET_NAME)";
				SWIFT_VERSION = 5.0;
				TARGETED_DEVICE_FAMILY = 1;
			};
			name = Release;
		};
/* End XCBuildConfiguration section */

/* Begin XCConfigurationList section */
		256BD4E225B79CAE00EC6F1B /* Build configuration list for PBXProject "MovieQuiz" */ = {
			isa = XCConfigurationList;
			buildConfigurations = (
				256BD4F925B79CB200EC6F1B /* Debug */,
				256BD4FA25B79CB200EC6F1B /* Release */,
			);
			defaultConfigurationIsVisible = 0;
			defaultConfigurationName = Release;
		};
		256BD4FB25B79CB200EC6F1B /* Build configuration list for PBXNativeTarget "MovieQuiz" */ = {
			isa = XCConfigurationList;
			buildConfigurations = (
				256BD4FC25B79CB200EC6F1B /* Debug */,
				256BD4FD25B79CB200EC6F1B /* Release */,
			);
			defaultConfigurationIsVisible = 0;
			defaultConfigurationName = Release;
		};
/* End XCConfigurationList section */
	};
	rootObject = 256BD4DF25B79CAE00EC6F1B /* Project object */;
}
